
Microsoft Visual Studio Solution File, Format Version 12.00
# Visual Studio Version 16
VisualStudioVersion = 16.0.30711.63
MinimumVisualStudioVersion = 10.0.40219.1
Project("{9A19103F-16F7-4668-BE54-9A1E7A4F7556}") = "TabbedTortoiseGit", "TabbedTortoiseGit\TabbedTortoiseGit.csproj", "{CF9B6631-D648-4E3D-B659-CB41CC1649D1}"
EndProject
Project("{2150E333-8FDC-42A3-9474-1A3956D46DE8}") = "Solution Items", "Solution Items", "{411AE563-4B05-4175-8276-5E7D1BA95D0C}"
	ProjectSection(SolutionItems) = preProject
		.editorconfig = .editorconfig
	EndProjectSection
EndProject
Project("{9A19103F-16F7-4668-BE54-9A1E7A4F7556}") = "Common", "Common\Common.csproj", "{CC29237C-3761-443D-95ED-B3C4FB0401B1}"
EndProject
Project("{9A19103F-16F7-4668-BE54-9A1E7A4F7556}") = "Tabs", "Tabs\Tabs.csproj", "{A4E9E616-1DA1-4FE4-BAD5-A4FE5C914FEE}"
EndProject
Project("{54435603-DBB4-11D2-8724-00A0C9A8B90C}") = "Setup", "Setup\Setup.vdproj", "{FA66B2A6-BBFF-49ED-AE6B-4BF5819FCFAC}"
EndProject
Global
	GlobalSection(SolutionConfigurationPlatforms) = preSolution
		Debug|Any CPU = Debug|Any CPU
		Release|Any CPU = Release|Any CPU
	EndGlobalSection
	GlobalSection(ProjectConfigurationPlatforms) = postSolution
		{CF9B6631-D648-4E3D-B659-CB41CC1649D1}.Debug|Any CPU.ActiveCfg = Debug|Any CPU
		{CF9B6631-D648-4E3D-B659-CB41CC1649D1}.Debug|Any CPU.Build.0 = Debug|Any CPU
		{CF9B6631-D648-4E3D-B659-CB41CC1649D1}.Release|Any CPU.ActiveCfg = Release|Any CPU
		{CF9B6631-D648-4E3D-B659-CB41CC1649D1}.Release|Any CPU.Build.0 = Release|Any CPU
		{CC29237C-3761-443D-95ED-B3C4FB0401B1}.Debug|Any CPU.ActiveCfg = Debug|Any CPU
		{CC29237C-3761-443D-95ED-B3C4FB0401B1}.Debug|Any CPU.Build.0 = Debug|Any CPU
		{CC29237C-3761-443D-95ED-B3C4FB0401B1}.Release|Any CPU.ActiveCfg = Release|Any CPU
		{CC29237C-3761-443D-95ED-B3C4FB0401B1}.Release|Any CPU.Build.0 = Release|Any CPU
		{A4E9E616-1DA1-4FE4-BAD5-A4FE5C914FEE}.Debug|Any CPU.ActiveCfg = Debug|Any CPU
		{A4E9E616-1DA1-4FE4-BAD5-A4FE5C914FEE}.Debug|Any CPU.Build.0 = Debug|Any CPU
		{A4E9E616-1DA1-4FE4-BAD5-A4FE5C914FEE}.Release|Any CPU.ActiveCfg = Release|Any CPU
		{A4E9E616-1DA1-4FE4-BAD5-A4FE5C914FEE}.Release|Any CPU.Build.0 = Release|Any CPU
		{FA66B2A6-BBFF-49ED-AE6B-4BF5819FCFAC}.Debug|Any CPU.ActiveCfg = Release
		{FA66B2A6-BBFF-49ED-AE6B-4BF5819FCFAC}.Release|Any CPU.ActiveCfg = Release
	EndGlobalSection
	GlobalSection(SolutionProperties) = preSolution
		HideSolutionNode = FALSE
	EndGlobalSection
	GlobalSection(ExtensibilityGlobals) = postSolution
		SolutionGuid = {8164E619-7334-4095-9D6E-E0D164FAFF91}
	EndGlobalSection
EndGlobal
